
Microsoft Visual Studio Solution File, Format Version 12.00
# Visual Studio Version 16
VisualStudioVersion = 16.0.30907.101
MinimumVisualStudioVersion = 10.0.40219.1
Project("{FAE04EC0-301F-11D3-BF4B-00C04F79EFBC}") = "SimpleDataBinding_1", "SimpleDataBinding_1\SimpleDataBinding_1.csproj", "{701F7334-68D5-4CB6-89AF-E684A3F5D74B}"
EndProject
Global
	GlobalSection(SolutionConfigurationPlatforms) = preSolution
		Debug|Any CPU = Debug|Any CPU
		Release|Any CPU = Release|Any CPU
	EndGlobalSection
	GlobalSection(ProjectConfigurationPlatforms) = postSolution
		{701F7334-68D5-4CB6-89AF-E684A3F5D74B}.Debug|Any CPU.ActiveCfg = Debug|Any CPU
		{701F7334-68D5-4CB6-89AF-E684A3F5D74B}.Debug|Any CPU.Build.0 = Debug|Any CPU
		{701F7334-68D5-4CB6-89AF-E684A3F5D74B}.Release|Any CPU.ActiveCfg = Release|Any CPU
		{701F7334-68D5-4CB6-89AF-E684A3F5D74B}.Release|Any CPU.Build.0 = Release|Any CPU
	EndGlobalSection
	GlobalSection(SolutionProperties) = preSolution
		HideSolutionNode = FALSE
	EndGlobalSection
	GlobalSection(ExtensibilityGlobals) = postSolution
		SolutionGuid = {6181964E-7F72-4A5D-A15D-A53FEEE2B64E}
	EndGlobalSection
EndGlobal
